// !$*UTF8*$!
{
	archiveVersion = 1;
	classes = {
	};
	objectVersion = 51;
	objects = {

/* Begin PBXBuildFile section */
		25077EF5223EDEF200E7E57C /* WeatherLocation.swift in Sources */ = {isa = PBXBuildFile; fileRef = 25077EF4223EDEF200E7E57C /* WeatherLocation.swift */; };
		25077EF7223F29BC00E7E57C /* Constants.swift in Sources */ = {isa = PBXBuildFile; fileRef = 25077EF6223F29BC00E7E57C /* Constants.swift */; };
		250AF87C2235B9F6009D047A /* AppDelegate.swift in Sources */ = {isa = PBXBuildFile; fileRef = 250AF87B2235B9F6009D047A /* AppDelegate.swift */; };
		250AF8812235B9F6009D047A /* Main.storyboard in Resources */ = {isa = PBXBuildFile; fileRef = 250AF87F2235B9F6009D047A /* Main.storyboard */; };
		250AF8832235B9F8009D047A /* Assets.xcassets in Resources */ = {isa = PBXBuildFile; fileRef = 250AF8822235B9F8009D047A /* Assets.xcassets */; };
		250AF8862235B9F8009D047A /* LaunchScreen.storyboard in Resources */ = {isa = PBXBuildFile; fileRef = 250AF8842235B9F8009D047A /* LaunchScreen.storyboard */; };
		250AF88E2235BA4F009D047A /* DetailVC.swift in Sources */ = {isa = PBXBuildFile; fileRef = 250AF88D2235BA4F009D047A /* DetailVC.swift */; };
		250AF8902235BFB3009D047A /* ListVC.swift in Sources */ = {isa = PBXBuildFile; fileRef = 250AF88F2235BFB3009D047A /* ListVC.swift */; };
		250AF8922235C1C5009D047A /* PageVC.swift in Sources */ = {isa = PBXBuildFile; fileRef = 250AF8912235C1C5009D047A /* PageVC.swift */; };
		25DE21AB22482AB100A12397 /* DayWeatherCell.swift in Sources */ = {isa = PBXBuildFile; fileRef = 25DE21AA22482AB100A12397 /* DayWeatherCell.swift */; };
		7C4B2351A58D6C6E2511A88E /* Pods_WeatherGift.framework in Frameworks */ = {isa = PBXBuildFile; fileRef = 2F0BDCEF3C6643442C95C7B7 /* Pods_WeatherGift.framework */; };
/* End PBXBuildFile section */

/* Begin PBXFileReference section */
		25077EF4223EDEF200E7E57C /* WeatherLocation.swift */ = {isa = PBXFileReference; lastKnownFileType = sourcecode.swift; path = WeatherLocation.swift; sourceTree = "<group>"; };
		25077EF6223F29BC00E7E57C /* Constants.swift */ = {isa = PBXFileReference; lastKnownFileType = sourcecode.swift; path = Constants.swift; sourceTree = "<group>"; };
		250AF8782235B9F6009D047A /* WeatherGift.app */ = {isa = PBXFileReference; explicitFileType = wrapper.application; includeInIndex = 0; path = WeatherGift.app; sourceTree = BUILT_PRODUCTS_DIR; };
		250AF87B2235B9F6009D047A /* AppDelegate.swift */ = {isa = PBXFileReference; lastKnownFileType = sourcecode.swift; path = AppDelegate.swift; sourceTree = "<group>"; };
		250AF8802235B9F6009D047A /* Base */ = {isa = PBXFileReference; lastKnownFileType = file.storyboard; name = Base; path = Base.lproj/Main.storyboard; sourceTree = "<group>"; };
		250AF8822235B9F8009D047A /* Assets.xcassets */ = {isa = PBXFileReference; lastKnownFileType = folder.assetcatalog; path = Assets.xcassets; sourceTree = "<group>"; };
		250AF8852235B9F8009D047A /* Base */ = {isa = PBXFileReference; lastKnownFileType = file.storyboard; name = Base; path = Base.lproj/LaunchScreen.storyboard; sourceTree = "<group>"; };
		250AF8872235B9F8009D047A /* Info.plist */ = {isa = PBXFileReference; lastKnownFileType = text.plist.xml; path = Info.plist; sourceTree = "<group>"; };
		250AF88D2235BA4F009D047A /* DetailVC.swift */ = {isa = PBXFileReference; lastKnownFileType = sourcecode.swift; path = DetailVC.swift; sourceTree = "<group>"; };
		250AF88F2235BFB3009D047A /* ListVC.swift */ = {isa = PBXFileReference; lastKnownFileType = sourcecode.swift; path = ListVC.swift; sourceTree = "<group>"; };
		250AF8912235C1C5009D047A /* PageVC.swift */ = {isa = PBXFileReference; lastKnownFileType = sourcecode.swift; path = PageVC.swift; sourceTree = "<group>"; };
		25DE21AA22482AB100A12397 /* DayWeatherCell.swift */ = {isa = PBXFileReference; lastKnownFileType = sourcecode.swift; path = DayWeatherCell.swift; sourceTree = "<group>"; };
		2F0BDCEF3C6643442C95C7B7 /* Pods_WeatherGift.framework */ = {isa = PBXFileReference; explicitFileType = wrapper.framework; includeInIndex = 0; path = Pods_WeatherGift.framework; sourceTree = BUILT_PRODUCTS_DIR; };
		86E2C218310CF68C027E6B75 /* Pods-WeatherGift.release.xcconfig */ = {isa = PBXFileReference; includeInIndex = 1; lastKnownFileType = text.xcconfig; name = "Pods-WeatherGift.release.xcconfig"; path = "Target Support Files/Pods-WeatherGift/Pods-WeatherGift.release.xcconfig"; sourceTree = "<group>"; };
		AEFD00929000286258D2D5F8 /* Pods-WeatherGift.debug.xcconfig */ = {isa = PBXFileReference; includeInIndex = 1; lastKnownFileType = text.xcconfig; name = "Pods-WeatherGift.debug.xcconfig"; path = "Target Support Files/Pods-WeatherGift/Pods-WeatherGift.debug.xcconfig"; sourceTree = "<group>"; };
/* End PBXFileReference section */

/* Begin PBXFrameworksBuildPhase section */
		250AF8752235B9F6009D047A /* Frameworks */ = {
			isa = PBXFrameworksBuildPhase;
			buildActionMask = 2147483647;
			files = (
				7C4B2351A58D6C6E2511A88E /* Pods_WeatherGift.framework in Frameworks */,
			);
			runOnlyForDeploymentPostprocessing = 0;
		};
/* End PBXFrameworksBuildPhase section */

/* Begin PBXGroup section */
		250AF86F2235B9F6009D047A = {
			isa = PBXGroup;
			children = (
				250AF87A2235B9F6009D047A /* WeatherGift */,
				250AF8792235B9F6009D047A /* Products */,
				3D107707A1DC35D6412BE066 /* Pods */,
				25EDAE3B729E6D403EE673C7 /* Frameworks */,
			);
			sourceTree = "<group>";
		};
		250AF8792235B9F6009D047A /* Products */ = {
			isa = PBXGroup;
			children = (
				250AF8782235B9F6009D047A /* WeatherGift.app */,
			);
			name = Products;
			sourceTree = "<group>";
		};
		250AF87A2235B9F6009D047A /* WeatherGift */ = {
			isa = PBXGroup;
			children = (
				250AF87B2235B9F6009D047A /* AppDelegate.swift */,
				25077EF4223EDEF200E7E57C /* WeatherLocation.swift */,
				250AF8912235C1C5009D047A /* PageVC.swift */,
				250AF88D2235BA4F009D047A /* DetailVC.swift */,
				25DE21AA22482AB100A12397 /* DayWeatherCell.swift */,
				250AF88F2235BFB3009D047A /* ListVC.swift */,
				25077EF6223F29BC00E7E57C /* Constants.swift */,
				250AF87F2235B9F6009D047A /* Main.storyboard */,
				250AF8822235B9F8009D047A /* Assets.xcassets */,
				250AF8842235B9F8009D047A /* LaunchScreen.storyboard */,
				250AF8872235B9F8009D047A /* Info.plist */,
			);
			path = WeatherGift;
			sourceTree = "<group>";
		};
		25EDAE3B729E6D403EE673C7 /* Frameworks */ = {
			isa = PBXGroup;
			children = (
				2F0BDCEF3C6643442C95C7B7 /* Pods_WeatherGift.framework */,
			);
			name = Frameworks;
			sourceTree = "<group>";
		};
		3D107707A1DC35D6412BE066 /* Pods */ = {
			isa = PBXGroup;
			children = (
				AEFD00929000286258D2D5F8 /* Pods-WeatherGift.debug.xcconfig */,
				86E2C218310CF68C027E6B75 /* Pods-WeatherGift.release.xcconfig */,
			);
			path = Pods;
			sourceTree = "<group>";
		};
/* End PBXGroup section */

/* Begin PBXNativeTarget section */
		250AF8772235B9F6009D047A /* WeatherGift */ = {
			isa = PBXNativeTarget;
			buildConfigurationList = 250AF88A2235B9F8009D047A /* Build configuration list for PBXNativeTarget "WeatherGift" */;
			buildPhases = (
				362915B4F3242CFB62AA204D /* [CP] Check Pods Manifest.lock */,
				250AF8742235B9F6009D047A /* Sources */,
				250AF8752235B9F6009D047A /* Frameworks */,
				250AF8762235B9F6009D047A /* Resources */,
				43625AEBA61FB96B700F20E0 /* [CP] Embed Pods Frameworks */,
				251B26078EECB15394736C5B /* [CP] Copy Pods Resources */,
			);
			buildRules = (
			);
			dependencies = (
			);
			name = WeatherGift;
			productName = WeatherGift;
			productReference = 250AF8782235B9F6009D047A /* WeatherGift.app */;
			productType = "com.apple.product-type.application";
		};
/* End PBXNativeTarget section */

/* Begin PBXProject section */
		250AF8702235B9F6009D047A /* Project object */ = {
			isa = PBXProject;
			attributes = {
				LastSwiftUpdateCheck = 1010;
				LastUpgradeCheck = 1010;
				ORGANIZATIONNAME = "Blake Mazzaferro";
				TargetAttributes = {
					250AF8772235B9F6009D047A = {
						CreatedOnToolsVersion = 10.1;
					};
				};
			};
			buildConfigurationList = 250AF8732235B9F6009D047A /* Build configuration list for PBXProject "WeatherGift" */;
			compatibilityVersion = "Xcode 9.3";
			developmentRegion = en;
			hasScannedForEncodings = 0;
			knownRegions = (
				en,
				Base,
			);
			mainGroup = 250AF86F2235B9F6009D047A;
			productRefGroup = 250AF8792235B9F6009D047A /* Products */;
			projectDirPath = "";
			projectRoot = "";
			targets = (
				250AF8772235B9F6009D047A /* WeatherGift */,
			);
		};
/* End PBXProject section */

/* Begin PBXResourcesBuildPhase section */
		250AF8762235B9F6009D047A /* Resources */ = {
			isa = PBXResourcesBuildPhase;
			buildActionMask = 2147483647;
			files = (
				250AF8862235B9F8009D047A /* LaunchScreen.storyboard in Resources */,
				250AF8832235B9F8009D047A /* Assets.xcassets in Resources */,
				250AF8812235B9F6009D047A /* Main.storyboard in Resources */,
			);
			runOnlyForDeploymentPostprocessing = 0;
		};
/* End PBXResourcesBuildPhase section */

/* Begin PBXShellScriptBuildPhase section */
		251B26078EECB15394736C5B /* [CP] Copy Pods Resources */ = {
			isa = PBXShellScriptBuildPhase;
			buildActionMask = 2147483647;
			files = (
			);
			inputFileListPaths = (
				"${PODS_ROOT}/Target Support Files/Pods-WeatherGift/Pods-WeatherGift-resources-${CONFIGURATION}-input-files.xcfilelist",
			);
			name = "[CP] Copy Pods Resources";
			outputFileListPaths = (
				"${PODS_ROOT}/Target Support Files/Pods-WeatherGift/Pods-WeatherGift-resources-${CONFIGURATION}-output-files.xcfilelist",
			);
			runOnlyForDeploymentPostprocessing = 0;
			shellPath = /bin/sh;
			shellScript = "\"${PODS_ROOT}/Target Support Files/Pods-WeatherGift/Pods-WeatherGift-resources.sh\"\n";
			showEnvVarsInLog = 0;
		};
		362915B4F3242CFB62AA204D /* [CP] Check Pods Manifest.lock */ = {
			isa = PBXShellScriptBuildPhase;
			buildActionMask = 2147483647;
			files = (
			);
			inputFileListPaths = (
			);
			inputPaths = (
				"${PODS_PODFILE_DIR_PATH}/Podfile.lock",
				"${PODS_ROOT}/Manifest.lock",
			);
			name = "[CP] Check Pods Manifest.lock";
			outputFileListPaths = (
			);
			outputPaths = (
				"$(DERIVED_FILE_DIR)/Pods-WeatherGift-checkManifestLockResult.txt",
			);
			runOnlyForDeploymentPostprocessing = 0;
			shellPath = /bin/sh;
			shellScript = "diff \"${PODS_PODFILE_DIR_PATH}/Podfile.lock\" \"${PODS_ROOT}/Manifest.lock\" > /dev/null\nif [ $? != 0 ] ; then\n    # print error to STDERR\n    echo \"error: The sandbox is not in sync with the Podfile.lock. Run 'pod install' or update your CocoaPods installation.\" >&2\n    exit 1\nfi\n# This output is used by Xcode 'outputs' to avoid re-running this script phase.\necho \"SUCCESS\" > \"${SCRIPT_OUTPUT_FILE_0}\"\n";
			showEnvVarsInLog = 0;
		};
		43625AEBA61FB96B700F20E0 /* [CP] Embed Pods Frameworks */ = {
			isa = PBXShellScriptBuildPhase;
			buildActionMask = 2147483647;
			files = (
			);
			inputFileListPaths = (
				"${PODS_ROOT}/Target Support Files/Pods-WeatherGift/Pods-WeatherGift-frameworks-${CONFIGURATION}-input-files.xcfilelist",
			);
			name = "[CP] Embed Pods Frameworks";
			outputFileListPaths = (
				"${PODS_ROOT}/Target Support Files/Pods-WeatherGift/Pods-WeatherGift-frameworks-${CONFIGURATION}-output-files.xcfilelist",
			);
			runOnlyForDeploymentPostprocessing = 0;
			shellPath = /bin/sh;
			shellScript = "\"${PODS_ROOT}/Target Support Files/Pods-WeatherGift/Pods-WeatherGift-frameworks.sh\"\n";
			showEnvVarsInLog = 0;
		};
/* End PBXShellScriptBuildPhase section */

/* Begin PBXSourcesBuildPhase section */
		250AF8742235B9F6009D047A /* Sources */ = {
			isa = PBXSourcesBuildPhase;
			buildActionMask = 2147483647;
			files = (
				25DE21AB22482AB100A12397 /* DayWeatherCell.swift in Sources */,
				25077EF5223EDEF200E7E57C /* WeatherLocation.swift in Sources */,
				250AF8902235BFB3009D047A /* ListVC.swift in Sources */,
				250AF8922235C1C5009D047A /* PageVC.swift in Sources */,
				250AF87C2235B9F6009D047A /* AppDelegate.swift in Sources */,
				250AF88E2235BA4F009D047A /* DetailVC.swift in Sources */,
				25077EF7223F29BC00E7E57C /* Constants.swift in Sources */,
			);
			runOnlyForDeploymentPostprocessing = 0;
		};
/* End PBXSourcesBuildPhase section */

/* Begin PBXVariantGroup section */
		250AF87F2235B9F6009D047A /* Main.storyboard */ = {
			isa = PBXVariantGroup;
			children = (
				250AF8802235B9F6009D047A /* Base */,
			);
			name = Main.storyboard;
			sourceTree = "<group>";
		};
		250AF8842235B9F8009D047A /* LaunchScreen.storyboard */ = {
			isa = PBXVariantGroup;
			children = (
				250AF8852235B9F8009D047A /* Base */,
			);
			name = LaunchScreen.storyboard;
			sourceTree = "<group>";
		};
/* End PBXVariantGroup section */

/* Begin XCBuildConfiguration section */
		250AF8882235B9F8009D047A /* Debug */ = {
			isa = XCBuildConfiguration;
			buildSettings = {
				ALWAYS_SEARCH_USER_PATHS = NO;
				CLANG_ANALYZER_NONNULL = YES;
				CLANG_ANALYZER_NUMBER_OBJECT_CONVERSION = YES_AGGRESSIVE;
				CLANG_CXX_LANGUAGE_STANDARD = "gnu++14";
				CLANG_CXX_LIBRARY = "libc++";
				CLANG_ENABLE_MODULES = YES;
				CLANG_ENABLE_OBJC_ARC = YES;
				CLANG_ENABLE_OBJC_WEAK = YES;
				CLANG_WARN_BLOCK_CAPTURE_AUTORELEASING = YES;
				CLANG_WARN_BOOL_CONVERSION = YES;
				CLANG_WARN_COMMA = YES;
				CLANG_WARN_CONSTANT_CONVERSION = YES;
				CLANG_WARN_DEPRECATED_OBJC_IMPLEMENTATIONS = YES;
				CLANG_WARN_DIRECT_OBJC_ISA_USAGE = YES_ERROR;
				CLANG_WARN_DOCUMENTATION_COMMENTS = YES;
				CLANG_WARN_EMPTY_BODY = YES;
				CLANG_WARN_ENUM_CONVERSION = YES;
				CLANG_WARN_INFINITE_RECURSION = YES;
				CLANG_WARN_INT_CONVERSION = YES;
				CLANG_WARN_NON_LITERAL_NULL_CONVERSION = YES;
				CLANG_WARN_OBJC_IMPLICIT_RETAIN_SELF = YES;
				CLANG_WARN_OBJC_LITERAL_CONVERSION = YES;
				CLANG_WARN_OBJC_ROOT_CLASS = YES_ERROR;
				CLANG_WARN_RANGE_LOOP_ANALYSIS = YES;
				CLANG_WARN_STRICT_PROTOTYPES = YES;
				CLANG_WARN_SUSPICIOUS_MOVE = YES;
				CLANG_WARN_UNGUARDED_AVAILABILITY = YES_AGGRESSIVE;
				CLANG_WARN_UNREACHABLE_CODE = YES;
				CLANG_WARN__DUPLICATE_METHOD_MATCH = YES;
				CODE_SIGN_IDENTITY = "iPhone Developer";
				COPY_PHASE_STRIP = NO;
				DEBUG_INFORMATION_FORMAT = dwarf;
				ENABLE_STRICT_OBJC_MSGSEND = YES;
				ENABLE_TESTABILITY = YES;
				GCC_C_LANGUAGE_STANDARD = gnu11;
				GCC_DYNAMIC_NO_PIC = NO;
				GCC_NO_COMMON_BLOCKS = YES;
				GCC_OPTIMIZATION_LEVEL = 0;
				GCC_PREPROCESSOR_DEFINITIONS = (
					"DEBUG=1",
					"$(inherited)",
				);
				GCC_WARN_64_TO_32_BIT_CONVERSION = YES;
				GCC_WARN_ABOUT_RETURN_TYPE = YES_ERROR;
				GCC_WARN_UNDECLARED_SELECTOR = YES;
				GCC_WARN_UNINITIALIZED_AUTOS = YES_AGGRESSIVE;
				GCC_WARN_UNUSED_FUNCTION = YES;
				GCC_WARN_UNUSED_VARIABLE = YES;
				IPHONEOS_DEPLOYMENT_TARGET = 12.1;
				MTL_ENABLE_DEBUG_INFO = INCLUDE_SOURCE;
				MTL_FAST_MATH = YES;
				ONLY_ACTIVE_ARCH = YES;
				SDKROOT = iphoneos;
				SWIFT_ACTIVE_COMPILATION_CONDITIONS = DEBUG;
				SWIFT_OPTIMIZATION_LEVEL = "-Onone";
			};
			name = Debug;
		};
		250AF8892235B9F8009D047A /* Release */ = {
			isa = XCBuildConfiguration;
			buildSettings = {
				ALWAYS_SEARCH_USER_PATHS = NO;
				CLANG_ANALYZER_NONNULL = YES;
				CLANG_ANALYZER_NUMBER_OBJECT_CONVERSION = YES_AGGRESSIVE;
				CLANG_CXX_LANGUAGE_STANDARD = "gnu++14";
				CLANG_CXX_LIBRARY = "libc++";
				CLANG_ENABLE_MODULES = YES;
				CLANG_ENABLE_OBJC_ARC = YES;
				CLANG_ENABLE_OBJC_WEAK = YES;
				CLANG_WARN_BLOCK_CAPTURE_AUTORELEASING = YES;
				CLANG_WARN_BOOL_CONVERSION = YES;
				CLANG_WARN_COMMA = YES;
				CLANG_WARN_CONSTANT_CONVERSION = YES;
				CLANG_WARN_DEPRECATED_OBJC_IMPLEMENTATIONS = YES;
				CLANG_WARN_DIRECT_OBJC_ISA_USAGE = YES_ERROR;
				CLANG_WARN_DOCUMENTATION_COMMENTS = YES;
				CLANG_WARN_EMPTY_BODY = YES;
				CLANG_WARN_ENUM_CONVERSION = YES;
				CLANG_WARN_INFINITE_RECURSION = YES;
				CLANG_WARN_INT_CONVERSION = YES;
				CLANG_WARN_NON_LITERAL_NULL_CONVERSION = YES;
				CLANG_WARN_OBJC_IMPLICIT_RETAIN_SELF = YES;
				CLANG_WARN_OBJC_LITERAL_CONVERSION = YES;
				CLANG_WARN_OBJC_ROOT_CLASS = YES_ERROR;
				CLANG_WARN_RANGE_LOOP_ANALYSIS = YES;
				CLANG_WARN_STRICT_PROTOTYPES = YES;
				CLANG_WARN_SUSPICIOUS_MOVE = YES;
				CLANG_WARN_UNGUARDED_AVAILABILITY = YES_AGGRESSIVE;
				CLANG_WARN_UNREACHABLE_CODE = YES;
				CLANG_WARN__DUPLICATE_METHOD_MATCH = YES;
				CODE_SIGN_IDENTITY = "iPhone Developer";
				COPY_PHASE_STRIP = NO;
				DEBUG_INFORMATION_FORMAT = "dwarf-with-dsym";
				ENABLE_NS_ASSERTIONS = NO;
				ENABLE_STRICT_OBJC_MSGSEND = YES;
				GCC_C_LANGUAGE_STANDARD = gnu11;
				GCC_NO_COMMON_BLOCKS = YES;
				GCC_WARN_64_TO_32_BIT_CONVERSION = YES;
				GCC_WARN_ABOUT_RETURN_TYPE = YES_ERROR;
				GCC_WARN_UNDECLARED_SELECTOR = YES;
				GCC_WARN_UNINITIALIZED_AUTOS = YES_AGGRESSIVE;
				GCC_WARN_UNUSED_FUNCTION = YES;
				GCC_WARN_UNUSED_VARIABLE = YES;
				IPHONEOS_DEPLOYMENT_TARGET = 12.1;
				MTL_ENABLE_DEBUG_INFO = NO;
				MTL_FAST_MATH = YES;
				SDKROOT = iphoneos;
				SWIFT_COMPILATION_MODE = wholemodule;
				SWIFT_OPTIMIZATION_LEVEL = "-O";
				VALIDATE_PRODUCT = YES;
			};
			name = Release;
		};
		250AF88B2235B9F8009D047A /* Debug */ = {
			isa = XCBuildConfiguration;
			baseConfigurationReference = AEFD00929000286258D2D5F8 /* Pods-WeatherGift.debug.xcconfig */;
			buildSettings = {
				ASSETCATALOG_COMPILER_APPICON_NAME = AppIcon;
				CODE_SIGN_STYLE = Automatic;
				DEVELOPMENT_TEAM = 7K5TKYPD73;
				INFOPLIST_FILE = WeatherGift/Info.plist;
				LD_RUNPATH_SEARCH_PATHS = (
					"$(inherited)",
					"@executable_path/Frameworks",
				);
				PRODUCT_BUNDLE_IDENTIFIER = com.mazzaferro.WeatherGift;
				PRODUCT_NAME = "$(TARGET_NAME)";
				SWIFT_VERSION = 4.2;
				TARGETED_DEVICE_FAMILY = "1,2";
			};
			name = Debug;
		};
		250AF88C2235B9F8009D047A /* Release */ = {
			isa = XCBuildConfiguration;
			baseConfigurationReference = 86E2C218310CF68C027E6B75 /* Pods-WeatherGift.release.xcconfig */;
			buildSettings = {
				ASSETCATALOG_COMPILER_APPICON_NAME = AppIcon;
				CODE_SIGN_STYLE = Automatic;
				DEVELOPMENT_TEAM = 7K5TKYPD73;
				INFOPLIST_FILE = WeatherGift/Info.plist;
				LD_RUNPATH_SEARCH_PATHS = (
					"$(inherited)",
					"@executable_path/Frameworks",
				);
				PRODUCT_BUNDLE_IDENTIFIER = com.mazzaferro.WeatherGift;
				PRODUCT_NAME = "$(TARGET_NAME)";
				SWIFT_VERSION = 4.2;
				TARGETED_DEVICE_FAMILY = "1,2";
			};
			name = Release;
		};
/* End XCBuildConfiguration section */

/* Begin XCConfigurationList section */
		250AF8732235B9F6009D047A /* Build configuration list for PBXProject "WeatherGift" */ = {
			isa = XCConfigurationList;
			buildConfigurations = (
				250AF8882235B9F8009D047A /* Debug */,
				250AF8892235B9F8009D047A /* Release */,
			);
			defaultConfigurationIsVisible = 0;
			defaultConfigurationName = Release;
		};
		250AF88A2235B9F8009D047A /* Build configuration list for PBXNativeTarget "WeatherGift" */ = {
			isa = XCConfigurationList;
			buildConfigurations = (
				250AF88B2235B9F8009D047A /* Debug */,
				250AF88C2235B9F8009D047A /* Release */,
			);
			defaultConfigurationIsVisible = 0;
			defaultConfigurationName = Release;
		};
/* End XCConfigurationList section */
	};
	rootObject = 250AF8702235B9F6009D047A /* Project object */;
}
